
Microsoft Visual Studio Solution File, Format Version 12.00
# Visual Studio Version 16
VisualStudioVersion = 16.0.29209.62
MinimumVisualStudioVersion = 10.0.40219.1
Project("{FAE04EC0-301F-11D3-BF4B-00C04F79EFBC}") = "LibCG", "LibCG\LibCG.csproj", "{0DABF26A-005F-4201-A7F6-AE83E8E6B163}"
EndProject
Project("{FAE04EC0-301F-11D3-BF4B-00C04F79EFBC}") = "VectorForms", "VectorForms\VectorForms.csproj", "{B388F7DD-475C-4F02-9F8E-F5E712B64930}"
EndProject
Global
	GlobalSection(SolutionConfigurationPlatforms) = preSolution
		Debug|Any CPU = Debug|Any CPU
		Release|Any CPU = Release|Any CPU
	EndGlobalSection
	GlobalSection(ProjectConfigurationPlatforms) = postSolution
		{0DABF26A-005F-4201-A7F6-AE83E8E6B163}.Debug|Any CPU.ActiveCfg = Debug|Any CPU
		{0DABF26A-005F-4201-A7F6-AE83E8E6B163}.Debug|Any CPU.Build.0 = Debug|Any CPU
		{0DABF26A-005F-4201-A7F6-AE83E8E6B163}.Release|Any CPU.ActiveCfg = Release|Any CPU
		{0DABF26A-005F-4201-A7F6-AE83E8E6B163}.Release|Any CPU.Build.0 = Release|Any CPU
		{B388F7DD-475C-4F02-9F8E-F5E712B64930}.Debug|Any CPU.ActiveCfg = Debug|Any CPU
		{B388F7DD-475C-4F02-9F8E-F5E712B64930}.Debug|Any CPU.Build.0 = Debug|Any CPU
		{B388F7DD-475C-4F02-9F8E-F5E712B64930}.Release|Any CPU.ActiveCfg = Release|Any CPU
		{B388F7DD-475C-4F02-9F8E-F5E712B64930}.Release|Any CPU.Build.0 = Release|Any CPU
	EndGlobalSection
	GlobalSection(SolutionProperties) = preSolution
		HideSolutionNode = FALSE
	EndGlobalSection
	GlobalSection(ExtensibilityGlobals) = postSolution
		SolutionGuid = {44395183-DD2A-4BD2-8077-93AEA0122235}
	EndGlobalSection
EndGlobal
